
Microsoft Visual Studio Solution File, Format Version 12.00
Project("{2150E333-8FDC-42A3-9474-1A3956D46DE8}") = "src", "src", "{B3136185-77EF-41D7-A605-D8969D1AD2C3}"
EndProject
Project("{FAE04EC0-301F-11D3-BF4B-00C04F79EFBC}") = "Lambdation", "src\Lambdation\Lambdation.csproj", "{AE448235-C070-42A2-8AC8-B53585925400}"
EndProject
Project("{2150E333-8FDC-42A3-9474-1A3956D46DE8}") = "test", "test", "{EDD0A03D-63E2-4EFF-A00A-5EE42A767024}"
EndProject
Project("{2150E333-8FDC-42A3-9474-1A3956D46DE8}") = "samples", "samples", "{4C498F73-BD8E-4B1F-B9AC-980358C6F0CF}"
EndProject
Project("{FAE04EC0-301F-11D3-BF4B-00C04F79EFBC}") = "Lambdation.Tests", "test\Lambdation.Tests\Lambdation.Tests.csproj", "{721CBCB7-97A9-49D0-BA62-6D1ECED0238B}"
EndProject
Project("{FAE04EC0-301F-11D3-BF4B-00C04F79EFBC}") = "EchoFunction.Tests", "samples\EchoFunction\test\EchoFunction.Tests\EchoFunction.Tests.csproj", "{E1EB4B33-6C70-450B-9CAB-DC015F08E930}"
EndProject
Project("{FAE04EC0-301F-11D3-BF4B-00C04F79EFBC}") = "EchoFunction", "samples\EchoFunction\src\EchoFunction\EchoFunction.csproj", "{2479FFF0-13B6-4214-87E1-D95D7C5CC9D4}"
EndProject
Project("{2150E333-8FDC-42A3-9474-1A3956D46DE8}") = "EchoFunction", "EchoFunction", "{5C7A08E6-B6C7-41F0-93B5-9A419E62FE71}"
EndProject
Project("{2150E333-8FDC-42A3-9474-1A3956D46DE8}") = "src", "src", "{FE8B046B-F959-43C8-892E-453F60585E0D}"
EndProject
Project("{2150E333-8FDC-42A3-9474-1A3956D46DE8}") = "test", "test", "{3741FC08-9C27-4AD2-AAD0-A1EFC2E28404}"
EndProject
Global
	GlobalSection(SolutionConfigurationPlatforms) = preSolution
		Debug|Any CPU = Debug|Any CPU
		Release|Any CPU = Release|Any CPU
	EndGlobalSection
	GlobalSection(NestedProjects) = preSolution
		{AE448235-C070-42A2-8AC8-B53585925400} = {B3136185-77EF-41D7-A605-D8969D1AD2C3}
		{721CBCB7-97A9-49D0-BA62-6D1ECED0238B} = {EDD0A03D-63E2-4EFF-A00A-5EE42A767024}
		{5C7A08E6-B6C7-41F0-93B5-9A419E62FE71} = {4C498F73-BD8E-4B1F-B9AC-980358C6F0CF}
		{FE8B046B-F959-43C8-892E-453F60585E0D} = {5C7A08E6-B6C7-41F0-93B5-9A419E62FE71}
		{2479FFF0-13B6-4214-87E1-D95D7C5CC9D4} = {FE8B046B-F959-43C8-892E-453F60585E0D}
		{3741FC08-9C27-4AD2-AAD0-A1EFC2E28404} = {5C7A08E6-B6C7-41F0-93B5-9A419E62FE71}
		{E1EB4B33-6C70-450B-9CAB-DC015F08E930} = {3741FC08-9C27-4AD2-AAD0-A1EFC2E28404}
	EndGlobalSection
	GlobalSection(ProjectConfigurationPlatforms) = postSolution
		{AE448235-C070-42A2-8AC8-B53585925400}.Debug|Any CPU.ActiveCfg = Debug|Any CPU
		{AE448235-C070-42A2-8AC8-B53585925400}.Debug|Any CPU.Build.0 = Debug|Any CPU
		{AE448235-C070-42A2-8AC8-B53585925400}.Release|Any CPU.ActiveCfg = Release|Any CPU
		{AE448235-C070-42A2-8AC8-B53585925400}.Release|Any CPU.Build.0 = Release|Any CPU
		{721CBCB7-97A9-49D0-BA62-6D1ECED0238B}.Debug|Any CPU.ActiveCfg = Debug|Any CPU
		{721CBCB7-97A9-49D0-BA62-6D1ECED0238B}.Debug|Any CPU.Build.0 = Debug|Any CPU
		{721CBCB7-97A9-49D0-BA62-6D1ECED0238B}.Release|Any CPU.ActiveCfg = Release|Any CPU
		{721CBCB7-97A9-49D0-BA62-6D1ECED0238B}.Release|Any CPU.Build.0 = Release|Any CPU
		{E1EB4B33-6C70-450B-9CAB-DC015F08E930}.Debug|Any CPU.ActiveCfg = Debug|Any CPU
		{E1EB4B33-6C70-450B-9CAB-DC015F08E930}.Debug|Any CPU.Build.0 = Debug|Any CPU
		{E1EB4B33-6C70-450B-9CAB-DC015F08E930}.Release|Any CPU.ActiveCfg = Release|Any CPU
		{E1EB4B33-6C70-450B-9CAB-DC015F08E930}.Release|Any CPU.Build.0 = Release|Any CPU
		{2479FFF0-13B6-4214-87E1-D95D7C5CC9D4}.Debug|Any CPU.ActiveCfg = Debug|Any CPU
		{2479FFF0-13B6-4214-87E1-D95D7C5CC9D4}.Debug|Any CPU.Build.0 = Debug|Any CPU
		{2479FFF0-13B6-4214-87E1-D95D7C5CC9D4}.Release|Any CPU.ActiveCfg = Release|Any CPU
		{2479FFF0-13B6-4214-87E1-D95D7C5CC9D4}.Release|Any CPU.Build.0 = Release|Any CPU
	EndGlobalSection
EndGlobal
